
Microsoft Visual Studio Solution File, Format Version 12.00
# Visual Studio 15
Project("{FAE04EC0-301F-11D3-BF4B-00C04F79EFBC}") = "Firebase.App.Internal", "Firebase.App.Internal.csproj", "{CE8D2DC3-E7DD-8D92-1583-C12870A9D804}"
EndProject
Project("{FAE04EC0-301F-11D3-BF4B-00C04F79EFBC}") = "Assembly-CSharp", "Assembly-CSharp.csproj", "{367C9212-F5E9-BAAA-A8D1-29F47767764E}"
EndProject
Global
	GlobalSection(SolutionConfigurationPlatforms) = preSolution
		Debug|Any CPU = Debug|Any CPU
		Release|Any CPU = Release|Any CPU
	EndGlobalSection
	GlobalSection(ProjectConfigurationPlatforms) = postSolution
		{CE8D2DC3-E7DD-8D92-1583-C12870A9D804}.Debug|Any CPU.ActiveCfg = Debug|Any CPU
		{CE8D2DC3-E7DD-8D92-1583-C12870A9D804}.Debug|Any CPU.Build.0 = Debug|Any CPU
		{CE8D2DC3-E7DD-8D92-1583-C12870A9D804}.Release|Any CPU.ActiveCfg = Release|Any CPU
		{CE8D2DC3-E7DD-8D92-1583-C12870A9D804}.Release|Any CPU.Build.0 = Release|Any CPU
		{367C9212-F5E9-BAAA-A8D1-29F47767764E}.Debug|Any CPU.ActiveCfg = Debug|Any CPU
		{367C9212-F5E9-BAAA-A8D1-29F47767764E}.Debug|Any CPU.Build.0 = Debug|Any CPU
		{367C9212-F5E9-BAAA-A8D1-29F47767764E}.Release|Any CPU.ActiveCfg = Release|Any CPU
		{367C9212-F5E9-BAAA-A8D1-29F47767764E}.Release|Any CPU.Build.0 = Release|Any CPU
	EndGlobalSection
	GlobalSection(SolutionProperties) = preSolution
		HideSolutionNode = FALSE
	EndGlobalSection
EndGlobal
